// !$*UTF8*$!
{
	archiveVersion = 1;
	classes = {
	};
	objectVersion = 77;
	objects = {

/* Begin PBXBuildFile section */
		17D168302EEAAC090069BC12 /* FirebaseAI in Frameworks */ = {isa = PBXBuildFile; productRef = 17D1682F2EEAAC090069BC12 /* FirebaseAI */; };
		17D168322EEAAC090069BC12 /* FirebaseAILogic in Frameworks */ = {isa = PBXBuildFile; productRef = 17D168312EEAAC090069BC12 /* FirebaseAILogic */; };
		17D168342EEAAC090069BC12 /* FirebaseAnalytics in Frameworks */ = {isa = PBXBuildFile; productRef = 17D168332EEAAC090069BC12 /* FirebaseAnalytics */; };
		17D168362EEAAC090069BC12 /* FirebaseAnalyticsCore in Frameworks */ = {isa = PBXBuildFile; productRef = 17D168352EEAAC090069BC12 /* FirebaseAnalyticsCore */; };
		17D168382EEAAC090069BC12 /* FirebaseAnalyticsIdentitySupport in Frameworks */ = {isa = PBXBuildFile; productRef = 17D168372EEAAC090069BC12 /* FirebaseAnalyticsIdentitySupport */; };
		17D1683A2EEAAC090069BC12 /* FirebaseAppCheck in Frameworks */ = {isa = PBXBuildFile; productRef = 17D168392EEAAC090069BC12 /* FirebaseAppCheck */; };
		17D1683C2EEAAC090069BC12 /* FirebaseAppDistribution-Beta in Frameworks */ = {isa = PBXBuildFile; productRef = 17D1683B2EEAAC090069BC12 /* FirebaseAppDistribution-Beta */; };
		17D1683E2EEAAC090069BC12 /* FirebaseAuth in Frameworks */ = {isa = PBXBuildFile; productRef = 17D1683D2EEAAC090069BC12 /* FirebaseAuth */; };
		17D168402EEAAC090069BC12 /* FirebaseAuthCombine-Community in Frameworks */ = {isa = PBXBuildFile; productRef = 17D1683F2EEAAC090069BC12 /* FirebaseAuthCombine-Community */; };
		17D168422EEAAC090069BC12 /* FirebaseCore in Frameworks */ = {isa = PBXBuildFile; productRef = 17D168412EEAAC090069BC12 /* FirebaseCore */; };
		17D168442EEAAC090069BC12 /* FirebaseCrashlytics in Frameworks */ = {isa = PBXBuildFile; productRef = 17D168432EEAAC090069BC12 /* FirebaseCrashlytics */; };
		17D168462EEAAC090069BC12 /* FirebaseDatabase in Frameworks */ = {isa = PBXBuildFile; productRef = 17D168452EEAAC090069BC12 /* FirebaseDatabase */; };
		17D168482EEAAC090069BC12 /* FirebaseFirestore in Frameworks */ = {isa = PBXBuildFile; productRef = 17D168472EEAAC090069BC12 /* FirebaseFirestore */; };
		17D1684A2EEAAC090069BC12 /* FirebaseFirestoreCombine-Community in Frameworks */ = {isa = PBXBuildFile; productRef = 17D168492EEAAC090069BC12 /* FirebaseFirestoreCombine-Community */; };
		17D1684C2EEAAC090069BC12 /* FirebaseFunctions in Frameworks */ = {isa = PBXBuildFile; productRef = 17D1684B2EEAAC090069BC12 /* FirebaseFunctions */; };
		17D1684E2EEAAC090069BC12 /* FirebaseFunctionsCombine-Community in Frameworks */ = {isa = PBXBuildFile; productRef = 17D1684D2EEAAC090069BC12 /* FirebaseFunctionsCombine-Community */; };
		17D168502EEAAC090069BC12 /* FirebaseInAppMessaging-Beta in Frameworks */ = {isa = PBXBuildFile; productRef = 17D1684F2EEAAC090069BC12 /* FirebaseInAppMessaging-Beta */; };
		17D168522EEAAC090069BC12 /* FirebaseInstallations in Frameworks */ = {isa = PBXBuildFile; productRef = 17D168512EEAAC090069BC12 /* FirebaseInstallations */; };
		17D168542EEAAC090069BC12 /* FirebaseMLModelDownloader in Frameworks */ = {isa = PBXBuildFile; productRef = 17D168532EEAAC090069BC12 /* FirebaseMLModelDownloader */; };
		17D168562EEAAC090069BC12 /* FirebaseMessaging in Frameworks */ = {isa = PBXBuildFile; productRef = 17D168552EEAAC090069BC12 /* FirebaseMessaging */; };
		17D168582EEAAC090069BC12 /* FirebasePerformance in Frameworks */ = {isa = PBXBuildFile; productRef = 17D168572EEAAC090069BC12 /* FirebasePerformance */; };
		17D1685A2EEAAC090069BC12 /* FirebaseRemoteConfig in Frameworks */ = {isa = PBXBuildFile; productRef = 17D168592EEAAC090069BC12 /* FirebaseRemoteConfig */; };
		17D1685C2EEAAC090069BC12 /* FirebaseStorage in Frameworks */ = {isa = PBXBuildFile; productRef = 17D1685B2EEAAC090069BC12 /* FirebaseStorage */; };
		17D1685E2EEAAC090069BC12 /* FirebaseStorageCombine-Community in Frameworks */ = {isa = PBXBuildFile; productRef = 17D1685D2EEAAC090069BC12 /* FirebaseStorageCombine-Community */; };
		17FB53842F42F60B000608A7 /* AppStorys_iOS in Frameworks */ = {isa = PBXBuildFile; productRef = 17FB53832F42F60B000608A7 /* AppStorys_iOS */; };
/* End PBXBuildFile section */

/* Begin PBXFileReference section */
		17D168162EEAA5770069BC12 /* Ios-Demo.app */ = {isa = PBXFileReference; explicitFileType = wrapper.application; includeInIndex = 0; path = "Ios-Demo.app"; sourceTree = BUILT_PRODUCTS_DIR; };
/* End PBXFileReference section */

/* Begin PBXFileSystemSynchronizedRootGroup section */
		17D168182EEAA5770069BC12 /* Ios-Demo */ = {
			isa = PBXFileSystemSynchronizedRootGroup;
			path = "Ios-Demo";
			sourceTree = "<group>";
		};
/* End PBXFileSystemSynchronizedRootGroup section */

/* Begin PBXFrameworksBuildPhase section */
		17D168132EEAA5770069BC12 /* Frameworks */ = {
			isa = PBXFrameworksBuildPhase;
			buildActionMask = 2147483647;
			files = (
				17D1683C2EEAAC090069BC12 /* FirebaseAppDistribution-Beta in Frameworks */,
				17D168482EEAAC090069BC12 /* FirebaseFirestore in Frameworks */,
				17D168402EEAAC090069BC12 /* FirebaseAuthCombine-Community in Frameworks */,
				17D168522EEAAC090069BC12 /* FirebaseInstallations in Frameworks */,
				17D168322EEAAC090069BC12 /* FirebaseAILogic in Frameworks */,
				17D168382EEAAC090069BC12 /* FirebaseAnalyticsIdentitySupport in Frameworks */,
				17D168502EEAAC090069BC12 /* FirebaseInAppMessaging-Beta in Frameworks */,
				17D168302EEAAC090069BC12 /* FirebaseAI in Frameworks */,
				17D168442EEAAC090069BC12 /* FirebaseCrashlytics in Frameworks */,
				17D1684E2EEAAC090069BC12 /* FirebaseFunctionsCombine-Community in Frameworks */,
				17D1685E2EEAAC090069BC12 /* FirebaseStorageCombine-Community in Frameworks */,
				17D168462EEAAC090069BC12 /* FirebaseDatabase in Frameworks */,
				17D1685C2EEAAC090069BC12 /* FirebaseStorage in Frameworks */,
				17D1685A2EEAAC090069BC12 /* FirebaseRemoteConfig in Frameworks */,
				17D168342EEAAC090069BC12 /* FirebaseAnalytics in Frameworks */,
				17D168562EEAAC090069BC12 /* FirebaseMessaging in Frameworks */,
				17D168542EEAAC090069BC12 /* FirebaseMLModelDownloader in Frameworks */,
				17D168582EEAAC090069BC12 /* FirebasePerformance in Frameworks */,
				17D168422EEAAC090069BC12 /* FirebaseCore in Frameworks */,
				17D1683A2EEAAC090069BC12 /* FirebaseAppCheck in Frameworks */,
				17D168362EEAAC090069BC12 /* FirebaseAnalyticsCore in Frameworks */,
				17D1684C2EEAAC090069BC12 /* FirebaseFunctions in Frameworks */,
				17FB53842F42F60B000608A7 /* AppStorys_iOS in Frameworks */,
				17D1683E2EEAAC090069BC12 /* FirebaseAuth in Frameworks */,
				17D1684A2EEAAC090069BC12 /* FirebaseFirestoreCombine-Community in Frameworks */,
			);
			runOnlyForDeploymentPostprocessing = 0;
		};
/* End PBXFrameworksBuildPhase section */

/* Begin PBXGroup section */
		17D1680D2EEAA5770069BC12 = {
			isa = PBXGroup;
			children = (
				17D168182EEAA5770069BC12 /* Ios-Demo */,
				17D168172EEAA5770069BC12 /* Products */,
			);
			sourceTree = "<group>";
		};
		17D168172EEAA5770069BC12 /* Products */ = {
			isa = PBXGroup;
			children = (
				17D168162EEAA5770069BC12 /* Ios-Demo.app */,
			);
			name = Products;
			sourceTree = "<group>";
		};
/* End PBXGroup section */

/* Begin PBXNativeTarget section */
		17D168152EEAA5770069BC12 /* Ios-Demo */ = {
			isa = PBXNativeTarget;
			buildConfigurationList = 17D168212EEAA5780069BC12 /* Build configuration list for PBXNativeTarget "Ios-Demo" */;
			buildPhases = (
				17D168122EEAA5770069BC12 /* Sources */,
				17D168132EEAA5770069BC12 /* Frameworks */,
				17D168142EEAA5770069BC12 /* Resources */,
			);
			buildRules = (
			);
			dependencies = (
			);
			fileSystemSynchronizedGroups = (
				17D168182EEAA5770069BC12 /* Ios-Demo */,
			);
			name = "Ios-Demo";
			packageProductDependencies = (
				17D1682F2EEAAC090069BC12 /* FirebaseAI */,
				17D168312EEAAC090069BC12 /* FirebaseAILogic */,
				17D168332EEAAC090069BC12 /* FirebaseAnalytics */,
				17D168352EEAAC090069BC12 /* FirebaseAnalyticsCore */,
				17D168372EEAAC090069BC12 /* FirebaseAnalyticsIdentitySupport */,
				17D168392EEAAC090069BC12 /* FirebaseAppCheck */,
				17D1683B2EEAAC090069BC12 /* FirebaseAppDistribution-Beta */,
				17D1683D2EEAAC090069BC12 /* FirebaseAuth */,
				17D1683F2EEAAC090069BC12 /* FirebaseAuthCombine-Community */,
				17D168412EEAAC090069BC12 /* FirebaseCore */,
				17D168432EEAAC090069BC12 /* FirebaseCrashlytics */,
				17D168452EEAAC090069BC12 /* FirebaseDatabase */,
				17D168472EEAAC090069BC12 /* FirebaseFirestore */,
				17D168492EEAAC090069BC12 /* FirebaseFirestoreCombine-Community */,
				17D1684B2EEAAC090069BC12 /* FirebaseFunctions */,
				17D1684D2EEAAC090069BC12 /* FirebaseFunctionsCombine-Community */,
				17D1684F2EEAAC090069BC12 /* FirebaseInAppMessaging-Beta */,
				17D168512EEAAC090069BC12 /* FirebaseInstallations */,
				17D168532EEAAC090069BC12 /* FirebaseMLModelDownloader */,
				17D168552EEAAC090069BC12 /* FirebaseMessaging */,
				17D168572EEAAC090069BC12 /* FirebasePerformance */,
				17D168592EEAAC090069BC12 /* FirebaseRemoteConfig */,
				17D1685B2EEAAC090069BC12 /* FirebaseStorage */,
				17D1685D2EEAAC090069BC12 /* FirebaseStorageCombine-Community */,
				17FB53832F42F60B000608A7 /* AppStorys_iOS */,
			);
			productName = "Ios-Demo";
			productReference = 17D168162EEAA5770069BC12 /* Ios-Demo.app */;
			productType = "com.apple.product-type.application";
		};
/* End PBXNativeTarget section */

/* Begin PBXProject section */
		17D1680E2EEAA5770069BC12 /* Project object */ = {
			isa = PBXProject;
			attributes = {
				BuildIndependentTargetsInParallel = 1;
				LastSwiftUpdateCheck = 2600;
				LastUpgradeCheck = 2600;
				TargetAttributes = {
					17D168152EEAA5770069BC12 = {
						CreatedOnToolsVersion = 26.0.1;
					};
				};
			};
			buildConfigurationList = 17D168112EEAA5770069BC12 /* Build configuration list for PBXProject "Ios-Demo" */;
			developmentRegion = en;
			hasScannedForEncodings = 0;
			knownRegions = (
				en,
				Base,
			);
			mainGroup = 17D1680D2EEAA5770069BC12;
			minimizedProjectReferenceProxies = 1;
			packageReferences = (
				17D1682E2EEAAC090069BC12 /* XCRemoteSwiftPackageReference "firebase-ios-sdk" */,
				17FB53822F42F60B000608A7 /* XCRemoteSwiftPackageReference "AppStorys-Latest-iOS" */,
			);
			preferredProjectObjectVersion = 77;
			productRefGroup = 17D168172EEAA5770069BC12 /* Products */;
			projectDirPath = "";
			projectRoot = "";
			targets = (
				17D168152EEAA5770069BC12 /* Ios-Demo */,
			);
		};
/* End PBXProject section */

/* Begin PBXResourcesBuildPhase section */
		17D168142EEAA5770069BC12 /* Resources */ = {
			isa = PBXResourcesBuildPhase;
			buildActionMask = 2147483647;
			files = (
			);
			runOnlyForDeploymentPostprocessing = 0;
		};
/* End PBXResourcesBuildPhase section */

/* Begin PBXSourcesBuildPhase section */
		17D168122EEAA5770069BC12 /* Sources */ = {
			isa = PBXSourcesBuildPhase;
			buildActionMask = 2147483647;
			files = (
			);
			runOnlyForDeploymentPostprocessing = 0;
		};
/* End PBXSourcesBuildPhase section */

/* Begin XCBuildConfiguration section */
		17D1681F2EEAA5780069BC12 /* Debug */ = {
			isa = XCBuildConfiguration;
			buildSettings = {
				ALWAYS_SEARCH_USER_PATHS = NO;
				ASSETCATALOG_COMPILER_GENERATE_SWIFT_ASSET_SYMBOL_EXTENSIONS = YES;
				CLANG_ANALYZER_NONNULL = YES;
				CLANG_ANALYZER_NUMBER_OBJECT_CONVERSION = YES_AGGRESSIVE;
				CLANG_CXX_LANGUAGE_STANDARD = "gnu++20";
				CLANG_ENABLE_MODULES = YES;
				CLANG_ENABLE_OBJC_ARC = YES;
				CLANG_ENABLE_OBJC_WEAK = YES;
				CLANG_WARN_BLOCK_CAPTURE_AUTORELEASING = YES;
				CLANG_WARN_BOOL_CONVERSION = YES;
				CLANG_WARN_COMMA = YES;
				CLANG_WARN_CONSTANT_CONVERSION = YES;
				CLANG_WARN_DEPRECATED_OBJC_IMPLEMENTATIONS = YES;
				CLANG_WARN_DIRECT_OBJC_ISA_USAGE = YES_ERROR;
				CLANG_WARN_DOCUMENTATION_COMMENTS = YES;
				CLANG_WARN_EMPTY_BODY = YES;
				CLANG_WARN_ENUM_CONVERSION = YES;
				CLANG_WARN_INFINITE_RECURSION = YES;
				CLANG_WARN_INT_CONVERSION = YES;
				CLANG_WARN_NON_LITERAL_NULL_CONVERSION = YES;
				CLANG_WARN_OBJC_IMPLICIT_RETAIN_SELF = YES;
				CLANG_WARN_OBJC_LITERAL_CONVERSION = YES;
				CLANG_WARN_OBJC_ROOT_CLASS = YES_ERROR;
				CLANG_WARN_QUOTED_INCLUDE_IN_FRAMEWORK_HEADER = YES;
				CLANG_WARN_RANGE_LOOP_ANALYSIS = YES;
				CLANG_WARN_STRICT_PROTOTYPES = YES;
				CLANG_WARN_SUSPICIOUS_MOVE = YES;
				CLANG_WARN_UNGUARDED_AVAILABILITY = YES_AGGRESSIVE;
				CLANG_WARN_UNREACHABLE_CODE = YES;
				CLANG_WARN__DUPLICATE_METHOD_MATCH = YES;
				COPY_PHASE_STRIP = NO;
				DEBUG_INFORMATION_FORMAT = dwarf;
				ENABLE_STRICT_OBJC_MSGSEND = YES;
				ENABLE_TESTABILITY = YES;
				ENABLE_USER_SCRIPT_SANDBOXING = YES;
				GCC_C_LANGUAGE_STANDARD = gnu17;
				GCC_DYNAMIC_NO_PIC = NO;
				GCC_NO_COMMON_BLOCKS = YES;
				GCC_OPTIMIZATION_LEVEL = 0;
				GCC_PREPROCESSOR_DEFINITIONS = (
					"DEBUG=1",
					"$(inherited)",
				);
				GCC_WARN_64_TO_32_BIT_CONVERSION = YES;
				GCC_WARN_ABOUT_RETURN_TYPE = YES_ERROR;
				GCC_WARN_UNDECLARED_SELECTOR = YES;
				GCC_WARN_UNINITIALIZED_AUTOS = YES_AGGRESSIVE;
				GCC_WARN_UNUSED_FUNCTION = YES;
				GCC_WARN_UNUSED_VARIABLE = YES;
				IPHONEOS_DEPLOYMENT_TARGET = 26.0;
				LOCALIZATION_PREFERS_STRING_CATALOGS = YES;
				MTL_ENABLE_DEBUG_INFO = INCLUDE_SOURCE;
				MTL_FAST_MATH = YES;
				ONLY_ACTIVE_ARCH = YES;
				SDKROOT = iphoneos;
				SWIFT_ACTIVE_COMPILATION_CONDITIONS = "DEBUG $(inherited)";
				SWIFT_OPTIMIZATION_LEVEL = "-Onone";
			};
			name = Debug;
		};
		17D168202EEAA5780069BC12 /* Release */ = {
			isa = XCBuildConfiguration;
			buildSettings = {
				ALWAYS_SEARCH_USER_PATHS = NO;
				ASSETCATALOG_COMPILER_GENERATE_SWIFT_ASSET_SYMBOL_EXTENSIONS = YES;
				CLANG_ANALYZER_NONNULL = YES;
				CLANG_ANALYZER_NUMBER_OBJECT_CONVERSION = YES_AGGRESSIVE;
				CLANG_CXX_LANGUAGE_STANDARD = "gnu++20";
				CLANG_ENABLE_MODULES = YES;
				CLANG_ENABLE_OBJC_ARC = YES;
				CLANG_ENABLE_OBJC_WEAK = YES;
				CLANG_WARN_BLOCK_CAPTURE_AUTORELEASING = YES;
				CLANG_WARN_BOOL_CONVERSION = YES;
				CLANG_WARN_COMMA = YES;
				CLANG_WARN_CONSTANT_CONVERSION = YES;
				CLANG_WARN_DEPRECATED_OBJC_IMPLEMENTATIONS = YES;
				CLANG_WARN_DIRECT_OBJC_ISA_USAGE = YES_ERROR;
				CLANG_WARN_DOCUMENTATION_COMMENTS = YES;
				CLANG_WARN_EMPTY_BODY = YES;
				CLANG_WARN_ENUM_CONVERSION = YES;
				CLANG_WARN_INFINITE_RECURSION = YES;
				CLANG_WARN_INT_CONVERSION = YES;
				CLANG_WARN_NON_LITERAL_NULL_CONVERSION = YES;
				CLANG_WARN_OBJC_IMPLICIT_RETAIN_SELF = YES;
				CLANG_WARN_OBJC_LITERAL_CONVERSION = YES;
				CLANG_WARN_OBJC_ROOT_CLASS = YES_ERROR;
				CLANG_WARN_QUOTED_INCLUDE_IN_FRAMEWORK_HEADER = YES;
				CLANG_WARN_RANGE_LOOP_ANALYSIS = YES;
				CLANG_WARN_STRICT_PROTOTYPES = YES;
				CLANG_WARN_SUSPICIOUS_MOVE = YES;
				CLANG_WARN_UNGUARDED_AVAILABILITY = YES_AGGRESSIVE;
				CLANG_WARN_UNREACHABLE_CODE = YES;
				CLANG_WARN__DUPLICATE_METHOD_MATCH = YES;
				COPY_PHASE_STRIP = NO;
				DEBUG_INFORMATION_FORMAT = "dwarf-with-dsym";
				ENABLE_NS_ASSERTIONS = NO;
				ENABLE_STRICT_OBJC_MSGSEND = YES;
				ENABLE_USER_SCRIPT_SANDBOXING = YES;
				GCC_C_LANGUAGE_STANDARD = gnu17;
				GCC_NO_COMMON_BLOCKS = YES;
				GCC_WARN_64_TO_32_BIT_CONVERSION = YES;
				GCC_WARN_ABOUT_RETURN_TYPE = YES_ERROR;
				GCC_WARN_UNDECLARED_SELECTOR = YES;
				GCC_WARN_UNINITIALIZED_AUTOS = YES_AGGRESSIVE;
				GCC_WARN_UNUSED_FUNCTION = YES;
				GCC_WARN_UNUSED_VARIABLE = YES;
				IPHONEOS_DEPLOYMENT_TARGET = 26.0;
				LOCALIZATION_PREFERS_STRING_CATALOGS = YES;
				MTL_ENABLE_DEBUG_INFO = NO;
				MTL_FAST_MATH = YES;
				SDKROOT = iphoneos;
				SWIFT_COMPILATION_MODE = wholemodule;
				VALIDATE_PRODUCT = YES;
			};
			name = Release;
		};
		17D168222EEAA5780069BC12 /* Debug */ = {
			isa = XCBuildConfiguration;
			buildSettings = {
				ASSETCATALOG_COMPILER_APPICON_NAME = AppIcon;
				ASSETCATALOG_COMPILER_GLOBAL_ACCENT_COLOR_NAME = AccentColor;
				CODE_SIGN_STYLE = Automatic;
				CURRENT_PROJECT_VERSION = 1;
				DEVELOPMENT_TEAM = SQJG28K9NA;
				ENABLE_PREVIEWS = YES;
				GENERATE_INFOPLIST_FILE = YES;
				INFOPLIST_KEY_UIApplicationSceneManifest_Generation = YES;
				INFOPLIST_KEY_UIApplicationSupportsIndirectInputEvents = YES;
				INFOPLIST_KEY_UILaunchScreen_Generation = YES;
				INFOPLIST_KEY_UISupportedInterfaceOrientations_iPad = "UIInterfaceOrientationPortrait UIInterfaceOrientationPortraitUpsideDown UIInterfaceOrientationLandscapeLeft UIInterfaceOrientationLandscapeRight";
				INFOPLIST_KEY_UISupportedInterfaceOrientations_iPhone = "UIInterfaceOrientationPortrait UIInterfaceOrientationLandscapeLeft UIInterfaceOrientationLandscapeRight";
				LD_RUNPATH_SEARCH_PATHS = (
					"$(inherited)",
					"@executable_path/Frameworks",
				);
				MARKETING_VERSION = 1.0;
				PRODUCT_BUNDLE_IDENTIFIER = "com.Ios-Demo";
				PRODUCT_NAME = "$(TARGET_NAME)";
				STRING_CATALOG_GENERATE_SYMBOLS = YES;
				SWIFT_APPROACHABLE_CONCURRENCY = YES;
				SWIFT_DEFAULT_ACTOR_ISOLATION = MainActor;
				SWIFT_EMIT_LOC_STRINGS = YES;
				SWIFT_UPCOMING_FEATURE_MEMBER_IMPORT_VISIBILITY = YES;
				SWIFT_VERSION = 5.0;
				TARGETED_DEVICE_FAMILY = "1,2";
			};
			name = Debug;
		};
		17D168232EEAA5780069BC12 /* Release */ = {
			isa = XCBuildConfiguration;
			buildSettings = {
				ASSETCATALOG_COMPILER_APPICON_NAME = AppIcon;
				ASSETCATALOG_COMPILER_GLOBAL_ACCENT_COLOR_NAME = AccentColor;
				CODE_SIGN_STYLE = Automatic;
				CURRENT_PROJECT_VERSION = 1;
				DEVELOPMENT_TEAM = SQJG28K9NA;
				ENABLE_PREVIEWS = YES;
				GENERATE_INFOPLIST_FILE = YES;
				INFOPLIST_KEY_UIApplicationSceneManifest_Generation = YES;
				INFOPLIST_KEY_UIApplicationSupportsIndirectInputEvents = YES;
				INFOPLIST_KEY_UILaunchScreen_Generation = YES;
				INFOPLIST_KEY_UISupportedInterfaceOrientations_iPad = "UIInterfaceOrientationPortrait UIInterfaceOrientationPortraitUpsideDown UIInterfaceOrientationLandscapeLeft UIInterfaceOrientationLandscapeRight";
				INFOPLIST_KEY_UISupportedInterfaceOrientations_iPhone = "UIInterfaceOrientationPortrait UIInterfaceOrientationLandscapeLeft UIInterfaceOrientationLandscapeRight";
				LD_RUNPATH_SEARCH_PATHS = (
					"$(inherited)",
					"@executable_path/Frameworks",
				);
				MARKETING_VERSION = 1.0;
				PRODUCT_BUNDLE_IDENTIFIER = "com.Ios-Demo";
				PRODUCT_NAME = "$(TARGET_NAME)";
				STRING_CATALOG_GENERATE_SYMBOLS = YES;
				SWIFT_APPROACHABLE_CONCURRENCY = YES;
				SWIFT_DEFAULT_ACTOR_ISOLATION = MainActor;
				SWIFT_EMIT_LOC_STRINGS = YES;
				SWIFT_UPCOMING_FEATURE_MEMBER_IMPORT_VISIBILITY = YES;
				SWIFT_VERSION = 5.0;
				TARGETED_DEVICE_FAMILY = "1,2";
			};
			name = Release;
		};
/* End XCBuildConfiguration section */

/* Begin XCConfigurationList section */
		17D168112EEAA5770069BC12 /* Build configuration list for PBXProject "Ios-Demo" */ = {
			isa = XCConfigurationList;
			buildConfigurations = (
				17D1681F2EEAA5780069BC12 /* Debug */,
				17D168202EEAA5780069BC12 /* Release */,
			);
			defaultConfigurationIsVisible = 0;
			defaultConfigurationName = Release;
		};
		17D168212EEAA5780069BC12 /* Build configuration list for PBXNativeTarget "Ios-Demo" */ = {
			isa = XCConfigurationList;
			buildConfigurations = (
				17D168222EEAA5780069BC12 /* Debug */,
				17D168232EEAA5780069BC12 /* Release */,
			);
			defaultConfigurationIsVisible = 0;
			defaultConfigurationName = Release;
		};
/* End XCConfigurationList section */

/* Begin XCRemoteSwiftPackageReference section */
		17D1682E2EEAAC090069BC12 /* XCRemoteSwiftPackageReference "firebase-ios-sdk" */ = {
			isa = XCRemoteSwiftPackageReference;
			repositoryURL = "https://github.com/firebase/firebase-ios-sdk";
			requirement = {
				kind = upToNextMajorVersion;
				minimumVersion = 12.7.0;
			};
		};
		17FB53822F42F60B000608A7 /* XCRemoteSwiftPackageReference "AppStorys-Latest-iOS" */ = {
			isa = XCRemoteSwiftPackageReference;
			repositoryURL = "https://github.com/appversal/AppStorys-Latest-iOS.git";
			requirement = {
				branch = main;
				kind = branch;
			};
		};
/* End XCRemoteSwiftPackageReference section */

/* Begin XCSwiftPackageProductDependency section */
		17D1682F2EEAAC090069BC12 /* FirebaseAI */ = {
			isa = XCSwiftPackageProductDependency;
			package = 17D1682E2EEAAC090069BC12 /* XCRemoteSwiftPackageReference "firebase-ios-sdk" */;
			productName = FirebaseAI;
		};
		17D168312EEAAC090069BC12 /* FirebaseAILogic */ = {
			isa = XCSwiftPackageProductDependency;
			package = 17D1682E2EEAAC090069BC12 /* XCRemoteSwiftPackageReference "firebase-ios-sdk" */;
			productName = FirebaseAILogic;
		};
		17D168332EEAAC090069BC12 /* FirebaseAnalytics */ = {
			isa = XCSwiftPackageProductDependency;
			package = 17D1682E2EEAAC090069BC12 /* XCRemoteSwiftPackageReference "firebase-ios-sdk" */;
			productName = FirebaseAnalytics;
		};
		17D168352EEAAC090069BC12 /* FirebaseAnalyticsCore */ = {
			isa = XCSwiftPackageProductDependency;
			package = 17D1682E2EEAAC090069BC12 /* XCRemoteSwiftPackageReference "firebase-ios-sdk" */;
			productName = FirebaseAnalyticsCore;
		};
		17D168372EEAAC090069BC12 /* FirebaseAnalyticsIdentitySupport */ = {
			isa = XCSwiftPackageProductDependency;
			package = 17D1682E2EEAAC090069BC12 /* XCRemoteSwiftPackageReference "firebase-ios-sdk" */;
			productName = FirebaseAnalyticsIdentitySupport;
		};
		17D168392EEAAC090069BC12 /* FirebaseAppCheck */ = {
			isa = XCSwiftPackageProductDependency;
			package = 17D1682E2EEAAC090069BC12 /* XCRemoteSwiftPackageReference "firebase-ios-sdk" */;
			productName = FirebaseAppCheck;
		};
		17D1683B2EEAAC090069BC12 /* FirebaseAppDistribution-Beta */ = {
			isa = XCSwiftPackageProductDependency;
			package = 17D1682E2EEAAC090069BC12 /* XCRemoteSwiftPackageReference "firebase-ios-sdk" */;
			productName = "FirebaseAppDistribution-Beta";
		};
		17D1683D2EEAAC090069BC12 /* FirebaseAuth */ = {
			isa = XCSwiftPackageProductDependency;
			package = 17D1682E2EEAAC090069BC12 /* XCRemoteSwiftPackageReference "firebase-ios-sdk" */;
			productName = FirebaseAuth;
		};
		17D1683F2EEAAC090069BC12 /* FirebaseAuthCombine-Community */ = {
			isa = XCSwiftPackageProductDependency;
			package = 17D1682E2EEAAC090069BC12 /* XCRemoteSwiftPackageReference "firebase-ios-sdk" */;
			productName = "FirebaseAuthCombine-Community";
		};
		17D168412EEAAC090069BC12 /* FirebaseCore */ = {
			isa = XCSwiftPackageProductDependency;
			package = 17D1682E2EEAAC090069BC12 /* XCRemoteSwiftPackageReference "firebase-ios-sdk" */;
			productName = FirebaseCore;
		};
		17D168432EEAAC090069BC12 /* FirebaseCrashlytics */ = {
			isa = XCSwiftPackageProductDependency;
			package = 17D1682E2EEAAC090069BC12 /* XCRemoteSwiftPackageReference "firebase-ios-sdk" */;
			productName = FirebaseCrashlytics;
		};
		17D168452EEAAC090069BC12 /* FirebaseDatabase */ = {
			isa = XCSwiftPackageProductDependency;
			package = 17D1682E2EEAAC090069BC12 /* XCRemoteSwiftPackageReference "firebase-ios-sdk" */;
			productName = FirebaseDatabase;
		};
		17D168472EEAAC090069BC12 /* FirebaseFirestore */ = {
			isa = XCSwiftPackageProductDependency;
			package = 17D1682E2EEAAC090069BC12 /* XCRemoteSwiftPackageReference "firebase-ios-sdk" */;
			productName = FirebaseFirestore;
		};
		17D168492EEAAC090069BC12 /* FirebaseFirestoreCombine-Community */ = {
			isa = XCSwiftPackageProductDependency;
			package = 17D1682E2EEAAC090069BC12 /* XCRemoteSwiftPackageReference "firebase-ios-sdk" */;
			productName = "FirebaseFirestoreCombine-Community";
		};
		17D1684B2EEAAC090069BC12 /* FirebaseFunctions */ = {
			isa = XCSwiftPackageProductDependency;
			package = 17D1682E2EEAAC090069BC12 /* XCRemoteSwiftPackageReference "firebase-ios-sdk" */;
			productName = FirebaseFunctions;
		};
		17D1684D2EEAAC090069BC12 /* FirebaseFunctionsCombine-Community */ = {
			isa = XCSwiftPackageProductDependency;
			package = 17D1682E2EEAAC090069BC12 /* XCRemoteSwiftPackageReference "firebase-ios-sdk" */;
			productName = "FirebaseFunctionsCombine-Community";
		};
		17D1684F2EEAAC090069BC12 /* FirebaseInAppMessaging-Beta */ = {
			isa = XCSwiftPackageProductDependency;
			package = 17D1682E2EEAAC090069BC12 /* XCRemoteSwiftPackageReference "firebase-ios-sdk" */;
			productName = "FirebaseInAppMessaging-Beta";
		};
		17D168512EEAAC090069BC12 /* FirebaseInstallations */ = {
			isa = XCSwiftPackageProductDependency;
			package = 17D1682E2EEAAC090069BC12 /* XCRemoteSwiftPackageReference "firebase-ios-sdk" */;
			productName = FirebaseInstallations;
		};
		17D168532EEAAC090069BC12 /* FirebaseMLModelDownloader */ = {
			isa = XCSwiftPackageProductDependency;
			package = 17D1682E2EEAAC090069BC12 /* XCRemoteSwiftPackageReference "firebase-ios-sdk" */;
			productName = FirebaseMLModelDownloader;
		};
		17D168552EEAAC090069BC12 /* FirebaseMessaging */ = {
			isa = XCSwiftPackageProductDependency;
			package = 17D1682E2EEAAC090069BC12 /* XCRemoteSwiftPackageReference "firebase-ios-sdk" */;
			productName = FirebaseMessaging;
		};
		17D168572EEAAC090069BC12 /* FirebasePerformance */ = {
			isa = XCSwiftPackageProductDependency;
			package = 17D1682E2EEAAC090069BC12 /* XCRemoteSwiftPackageReference "firebase-ios-sdk" */;
			productName = FirebasePerformance;
		};
		17D168592EEAAC090069BC12 /* FirebaseRemoteConfig */ = {
			isa = XCSwiftPackageProductDependency;
			package = 17D1682E2EEAAC090069BC12 /* XCRemoteSwiftPackageReference "firebase-ios-sdk" */;
			productName = FirebaseRemoteConfig;
		};
		17D1685B2EEAAC090069BC12 /* FirebaseStorage */ = {
			isa = XCSwiftPackageProductDependency;
			package = 17D1682E2EEAAC090069BC12 /* XCRemoteSwiftPackageReference "firebase-ios-sdk" */;
			productName = FirebaseStorage;
		};
		17D1685D2EEAAC090069BC12 /* FirebaseStorageCombine-Community */ = {
			isa = XCSwiftPackageProductDependency;
			package = 17D1682E2EEAAC090069BC12 /* XCRemoteSwiftPackageReference "firebase-ios-sdk" */;
			productName = "FirebaseStorageCombine-Community";
		};
		17FB53832F42F60B000608A7 /* AppStorys_iOS */ = {
			isa = XCSwiftPackageProductDependency;
			package = 17FB53822F42F60B000608A7 /* XCRemoteSwiftPackageReference "AppStorys-Latest-iOS" */;
			productName = AppStorys_iOS;
		};
/* End XCSwiftPackageProductDependency section */
	};
	rootObject = 17D1680E2EEAA5770069BC12 /* Project object */;
}
